
Microsoft Visual Studio Solution File, Format Version 12.00
# Visual Studio Version 17
VisualStudioVersion = 17.5.002.0
MinimumVisualStudioVersion = 10.0.40219.1
Project("{9A19103F-16F7-4668-BE54-9A1E7A4F7556}") = "todomvc", "todomvc.csproj", "{4047056F-897C-43A6-BA4B-31C291BCC7B3}"
EndProject
Global
	GlobalSection(SolutionConfigurationPlatforms) = preSolution
		Debug|Any CPU = Debug|Any CPU
		Release|Any CPU = Release|Any CPU
	EndGlobalSection
	GlobalSection(ProjectConfigurationPlatforms) = postSolution
		{4047056F-897C-43A6-BA4B-31C291BCC7B3}.Debug|Any CPU.ActiveCfg = Debug|Any CPU
		{4047056F-897C-43A6-BA4B-31C291BCC7B3}.Debug|Any CPU.Build.0 = Debug|Any CPU
		{4047056F-897C-43A6-BA4B-31C291BCC7B3}.Release|Any CPU.ActiveCfg = Release|Any CPU
		{4047056F-897C-43A6-BA4B-31C291BCC7B3}.Release|Any CPU.Build.0 = Release|Any CPU
	EndGlobalSection
	GlobalSection(SolutionProperties) = preSolution
		HideSolutionNode = FALSE
	EndGlobalSection
	GlobalSection(ExtensibilityGlobals) = postSolution
		SolutionGuid = {5BC6B875-2B9C-42B1-9385-43AF6ED1DAD6}
	EndGlobalSection
EndGlobal
